
Microsoft Visual Studio Solution File, Format Version 12.00
# Visual Studio 2012
Project("{FAE04EC0-301F-11D3-BF4B-00C04F79EFBC}") = "2-BLL", "2-BLL\2-BLL.csproj", "{F583E961-ABA2-4604-B6EB-AED52430892E}"
EndProject
Project("{FAE04EC0-301F-11D3-BF4B-00C04F79EFBC}") = "3-DAL", "3-DAL\3-DAL.csproj", "{CBE87122-C751-4BF8-A392-9DB7D99C80C4}"
EndProject
Project("{FAE04EC0-301F-11D3-BF4B-00C04F79EFBC}") = "ENTIDADES", "ENTIDADES\ENTIDADES.csproj", "{2A1DFAB0-3F7D-4F8C-A161-9D3256FA9D96}"
EndProject
Project("{FAE04EC0-301F-11D3-BF4B-00C04F79EFBC}") = "1-PPL-WEB", "1-PPL\1-PPL-WEB.csproj", "{412E0DDB-35AE-4638-9F24-970F78CA120B}"
EndProject
Project("{FAE04EC0-301F-11D3-BF4B-00C04F79EFBC}") = "4-PPL-APP", "PPL-APP\4-PPL-APP.csproj", "{84CF39FE-460C-43A2-ABD4-5902747EF71D}"
EndProject
Global
	GlobalSection(SolutionConfigurationPlatforms) = preSolution
		Debug|Any CPU = Debug|Any CPU
		Release|Any CPU = Release|Any CPU
	EndGlobalSection
	GlobalSection(ProjectConfigurationPlatforms) = postSolution
		{F583E961-ABA2-4604-B6EB-AED52430892E}.Debug|Any CPU.ActiveCfg = Debug|Any CPU
		{F583E961-ABA2-4604-B6EB-AED52430892E}.Debug|Any CPU.Build.0 = Debug|Any CPU
		{F583E961-ABA2-4604-B6EB-AED52430892E}.Release|Any CPU.ActiveCfg = Release|Any CPU
		{F583E961-ABA2-4604-B6EB-AED52430892E}.Release|Any CPU.Build.0 = Release|Any CPU
		{CBE87122-C751-4BF8-A392-9DB7D99C80C4}.Debug|Any CPU.ActiveCfg = Debug|Any CPU
		{CBE87122-C751-4BF8-A392-9DB7D99C80C4}.Debug|Any CPU.Build.0 = Debug|Any CPU
		{CBE87122-C751-4BF8-A392-9DB7D99C80C4}.Release|Any CPU.ActiveCfg = Release|Any CPU
		{CBE87122-C751-4BF8-A392-9DB7D99C80C4}.Release|Any CPU.Build.0 = Release|Any CPU
		{2A1DFAB0-3F7D-4F8C-A161-9D3256FA9D96}.Debug|Any CPU.ActiveCfg = Debug|Any CPU
		{2A1DFAB0-3F7D-4F8C-A161-9D3256FA9D96}.Debug|Any CPU.Build.0 = Debug|Any CPU
		{2A1DFAB0-3F7D-4F8C-A161-9D3256FA9D96}.Release|Any CPU.ActiveCfg = Release|Any CPU
		{2A1DFAB0-3F7D-4F8C-A161-9D3256FA9D96}.Release|Any CPU.Build.0 = Release|Any CPU
		{412E0DDB-35AE-4638-9F24-970F78CA120B}.Debug|Any CPU.ActiveCfg = Debug|Any CPU
		{412E0DDB-35AE-4638-9F24-970F78CA120B}.Debug|Any CPU.Build.0 = Debug|Any CPU
		{412E0DDB-35AE-4638-9F24-970F78CA120B}.Release|Any CPU.ActiveCfg = Release|Any CPU
		{412E0DDB-35AE-4638-9F24-970F78CA120B}.Release|Any CPU.Build.0 = Release|Any CPU
		{84CF39FE-460C-43A2-ABD4-5902747EF71D}.Debug|Any CPU.ActiveCfg = Debug|Any CPU
		{84CF39FE-460C-43A2-ABD4-5902747EF71D}.Debug|Any CPU.Build.0 = Debug|Any CPU
		{84CF39FE-460C-43A2-ABD4-5902747EF71D}.Release|Any CPU.ActiveCfg = Release|Any CPU
		{84CF39FE-460C-43A2-ABD4-5902747EF71D}.Release|Any CPU.Build.0 = Release|Any CPU
	EndGlobalSection
	GlobalSection(SolutionProperties) = preSolution
		HideSolutionNode = FALSE
	EndGlobalSection
EndGlobal
